
Microsoft Visual Studio Solution File, Format Version 12.00
# Visual Studio 15
VisualStudioVersion = 15.0.28307.852
MinimumVisualStudioVersion = 10.0.40219.1
Project("{9A19103F-16F7-4668-BE54-9A1E7A4F7556}") = "AADB2C.WebAPI", "AADB2C.WebAPI\AADB2C.WebAPI.csproj", "{8996F520-D36E-4EBC-8D08-5665FD6FF57B}"
EndProject
Global
	GlobalSection(SolutionConfigurationPlatforms) = preSolution
		Debug|Any CPU = Debug|Any CPU
		Release|Any CPU = Release|Any CPU
	EndGlobalSection
	GlobalSection(ProjectConfigurationPlatforms) = postSolution
		{8996F520-D36E-4EBC-8D08-5665FD6FF57B}.Debug|Any CPU.ActiveCfg = Debug|Any CPU
		{8996F520-D36E-4EBC-8D08-5665FD6FF57B}.Debug|Any CPU.Build.0 = Debug|Any CPU
		{8996F520-D36E-4EBC-8D08-5665FD6FF57B}.Release|Any CPU.ActiveCfg = Release|Any CPU
		{8996F520-D36E-4EBC-8D08-5665FD6FF57B}.Release|Any CPU.Build.0 = Release|Any CPU
	EndGlobalSection
	GlobalSection(SolutionProperties) = preSolution
		HideSolutionNode = FALSE
	EndGlobalSection
	GlobalSection(ExtensibilityGlobals) = postSolution
		SolutionGuid = {D28BEA0F-62BF-4263-8A13-FD0C4375878F}
	EndGlobalSection
EndGlobal
