
Microsoft Visual Studio Solution File, Format Version 12.00
# Visual Studio 15
VisualStudioVersion = 15.0.27703.2000
MinimumVisualStudioVersion = 10.0.40219.1
Project("{FAE04EC0-301F-11D3-BF4B-00C04F79EFBC}") = "AADB2C.ClaimsProvider.UI", "AADB2C.ClaimsProvider.UI\AADB2C.ClaimsProvider.UI.csproj", "{37C239D0-1BA4-4A21-AA8D-5AB1D4578C25}"
EndProject
Project("{FAE04EC0-301F-11D3-BF4B-00C04F79EFBC}") = "AADB2C.ClaimsProvider.API", "AADB2C.ClaimsProvider.API\AADB2C.ClaimsProvider.API.csproj", "{18BA1225-F17D-4A1B-B3CC-1D3DFB4A2EDE}"
EndProject
Global
	GlobalSection(SolutionConfigurationPlatforms) = preSolution
		Debug|Any CPU = Debug|Any CPU
		Release|Any CPU = Release|Any CPU
	EndGlobalSection
	GlobalSection(ProjectConfigurationPlatforms) = postSolution
		{37C239D0-1BA4-4A21-AA8D-5AB1D4578C25}.Debug|Any CPU.ActiveCfg = Debug|Any CPU
		{37C239D0-1BA4-4A21-AA8D-5AB1D4578C25}.Debug|Any CPU.Build.0 = Debug|Any CPU
		{37C239D0-1BA4-4A21-AA8D-5AB1D4578C25}.Release|Any CPU.ActiveCfg = Release|Any CPU
		{37C239D0-1BA4-4A21-AA8D-5AB1D4578C25}.Release|Any CPU.Build.0 = Release|Any CPU
		{18BA1225-F17D-4A1B-B3CC-1D3DFB4A2EDE}.Debug|Any CPU.ActiveCfg = Debug|Any CPU
		{18BA1225-F17D-4A1B-B3CC-1D3DFB4A2EDE}.Debug|Any CPU.Build.0 = Debug|Any CPU
		{18BA1225-F17D-4A1B-B3CC-1D3DFB4A2EDE}.Release|Any CPU.ActiveCfg = Release|Any CPU
		{18BA1225-F17D-4A1B-B3CC-1D3DFB4A2EDE}.Release|Any CPU.Build.0 = Release|Any CPU
	EndGlobalSection
	GlobalSection(SolutionProperties) = preSolution
		HideSolutionNode = FALSE
	EndGlobalSection
	GlobalSection(ExtensibilityGlobals) = postSolution
		SolutionGuid = {7CA5C9C1-4CCB-43FB-AE67-CCE98AD7936B}
	EndGlobalSection
EndGlobal
