
Microsoft Visual Studio Solution File, Format Version 12.00
# Visual Studio 15
VisualStudioVersion = 15.0.28307.852
MinimumVisualStudioVersion = 10.0.40219.1
Project("{FAE04EC0-301F-11D3-BF4B-00C04F79EFBC}") = "typingDNAInterface", "typingDNAInterface\typingDNAInterface.csproj", "{C04E323B-DE1B-44B7-B187-EDFE0D3A37E3}"
EndProject
Global
	GlobalSection(SolutionConfigurationPlatforms) = preSolution
		Debug|Any CPU = Debug|Any CPU
		Release|Any CPU = Release|Any CPU
	EndGlobalSection
	GlobalSection(ProjectConfigurationPlatforms) = postSolution
		{C04E323B-DE1B-44B7-B187-EDFE0D3A37E3}.Debug|Any CPU.ActiveCfg = Debug|Any CPU
		{C04E323B-DE1B-44B7-B187-EDFE0D3A37E3}.Debug|Any CPU.Build.0 = Debug|Any CPU
		{C04E323B-DE1B-44B7-B187-EDFE0D3A37E3}.Release|Any CPU.ActiveCfg = Release|Any CPU
		{C04E323B-DE1B-44B7-B187-EDFE0D3A37E3}.Release|Any CPU.Build.0 = Release|Any CPU
	EndGlobalSection
	GlobalSection(SolutionProperties) = preSolution
		HideSolutionNode = FALSE
	EndGlobalSection
	GlobalSection(ExtensibilityGlobals) = postSolution
		SolutionGuid = {73DA3E78-B7BC-4DC1-AA3C-2AF2A50F8B50}
	EndGlobalSection
EndGlobal
