
Microsoft Visual Studio Solution File, Format Version 12.00
# Visual Studio 15
VisualStudioVersion = 15.0.27703.2000
MinimumVisualStudioVersion = 10.0.40219.1
Project("{FAE04EC0-301F-11D3-BF4B-00C04F79EFBC}") = "AADB2C.RBAC.Sample", "AADB2C.RBAC.Sample\AADB2C.RBAC.Sample.csproj", "{9A17508F-90DE-42A9-B121-8D200B5F8E94}"
EndProject
Global
	GlobalSection(SolutionConfigurationPlatforms) = preSolution
		Debug|Any CPU = Debug|Any CPU
		Release|Any CPU = Release|Any CPU
	EndGlobalSection
	GlobalSection(ProjectConfigurationPlatforms) = postSolution
		{9A17508F-90DE-42A9-B121-8D200B5F8E94}.Debug|Any CPU.ActiveCfg = Debug|Any CPU
		{9A17508F-90DE-42A9-B121-8D200B5F8E94}.Debug|Any CPU.Build.0 = Debug|Any CPU
		{9A17508F-90DE-42A9-B121-8D200B5F8E94}.Release|Any CPU.ActiveCfg = Release|Any CPU
		{9A17508F-90DE-42A9-B121-8D200B5F8E94}.Release|Any CPU.Build.0 = Release|Any CPU
	EndGlobalSection
	GlobalSection(SolutionProperties) = preSolution
		HideSolutionNode = FALSE
	EndGlobalSection
	GlobalSection(ExtensibilityGlobals) = postSolution
		SolutionGuid = {4CF881BC-D28D-4EB5-9F62-91FCFF56D261}
	EndGlobalSection
EndGlobal
