
Microsoft Visual Studio Solution File, Format Version 12.00
# Visual Studio Version 16
VisualStudioVersion = 16.0.810.13
MinimumVisualStudioVersion = 10.0.40219.1
Project("{FAE04EC0-301F-11D3-BF4B-00C04F79EFBC}") = "AAD-MagicLinks", "AAD-MagicLinks.csproj", "{C8F6AF39-D082-4A11-8911-3EE44D6F38B9}"
EndProject
Global
	GlobalSection(SolutionConfigurationPlatforms) = preSolution
		Debug|Any CPU = Debug|Any CPU
		Release|Any CPU = Release|Any CPU
	EndGlobalSection
	GlobalSection(ProjectConfigurationPlatforms) = postSolution
		{C8F6AF39-D082-4A11-8911-3EE44D6F38B9}.Debug|Any CPU.ActiveCfg = Debug|Any CPU
		{C8F6AF39-D082-4A11-8911-3EE44D6F38B9}.Debug|Any CPU.Build.0 = Debug|Any CPU
		{C8F6AF39-D082-4A11-8911-3EE44D6F38B9}.Release|Any CPU.ActiveCfg = Release|Any CPU
		{C8F6AF39-D082-4A11-8911-3EE44D6F38B9}.Release|Any CPU.Build.0 = Release|Any CPU
	EndGlobalSection
	GlobalSection(SolutionProperties) = preSolution
		HideSolutionNode = FALSE
	EndGlobalSection
	GlobalSection(ExtensibilityGlobals) = postSolution
		SolutionGuid = {7CD16F3A-BC2E-4CB1-A9F1-F15B8298BFD9}
	EndGlobalSection
EndGlobal
