
Microsoft Visual Studio Solution File, Format Version 12.00
# Visual Studio Version 16
VisualStudioVersion = 16.0.31624.102
MinimumVisualStudioVersion = 10.0.40219.1
Project("{9A19103F-16F7-4668-BE54-9A1E7A4F7556}") = "AADB2C.SignInWithEmail", "AADB2C.SignInWithEmail\AADB2C.SignInWithEmail.csproj", "{45BCF576-4EF3-4A3A-9BFC-47E35C984C6D}"
EndProject
Project("{FAE04EC0-301F-11D3-BF4B-00C04F79EFBC}") = "AADB2C.SignInWithEmailUsingKeyVault", "AADB2C.SignInWithEmailUsingKeyVault\AADB2C.SignInWithEmailUsingKeyVault.csproj", "{91833857-0D88-48BD-8142-401B1653FA72}"
EndProject
Global
	GlobalSection(SolutionConfigurationPlatforms) = preSolution
		Debug|Any CPU = Debug|Any CPU
		Release|Any CPU = Release|Any CPU
	EndGlobalSection
	GlobalSection(ProjectConfigurationPlatforms) = postSolution
		{45BCF576-4EF3-4A3A-9BFC-47E35C984C6D}.Debug|Any CPU.ActiveCfg = Debug|Any CPU
		{45BCF576-4EF3-4A3A-9BFC-47E35C984C6D}.Debug|Any CPU.Build.0 = Debug|Any CPU
		{45BCF576-4EF3-4A3A-9BFC-47E35C984C6D}.Release|Any CPU.ActiveCfg = Release|Any CPU
		{45BCF576-4EF3-4A3A-9BFC-47E35C984C6D}.Release|Any CPU.Build.0 = Release|Any CPU
		{91833857-0D88-48BD-8142-401B1653FA72}.Debug|Any CPU.ActiveCfg = Debug|Any CPU
		{91833857-0D88-48BD-8142-401B1653FA72}.Debug|Any CPU.Build.0 = Debug|Any CPU
		{91833857-0D88-48BD-8142-401B1653FA72}.Release|Any CPU.ActiveCfg = Release|Any CPU
		{91833857-0D88-48BD-8142-401B1653FA72}.Release|Any CPU.Build.0 = Release|Any CPU
	EndGlobalSection
	GlobalSection(SolutionProperties) = preSolution
		HideSolutionNode = FALSE
	EndGlobalSection
	GlobalSection(ExtensibilityGlobals) = postSolution
		SolutionGuid = {A6D1F33E-5436-47E2-B012-FA6FDAFAD3DA}
	EndGlobalSection
EndGlobal
