
Microsoft Visual Studio Solution File, Format Version 12.00
# Visual Studio 15
VisualStudioVersion = 15.0.27703.2000
MinimumVisualStudioVersion = 10.0.40219.1
Project("{FAE04EC0-301F-11D3-BF4B-00C04F79EFBC}") = "AADB2C.WebAPI", "AADB2C.WebAPI\AADB2C.WebAPI.csproj", "{CF966043-5019-46FB-88E8-C56DA08147B3}"
EndProject
Global
	GlobalSection(SolutionConfigurationPlatforms) = preSolution
		Debug|Any CPU = Debug|Any CPU
		Release|Any CPU = Release|Any CPU
	EndGlobalSection
	GlobalSection(ProjectConfigurationPlatforms) = postSolution
		{CF966043-5019-46FB-88E8-C56DA08147B3}.Debug|Any CPU.ActiveCfg = Debug|Any CPU
		{CF966043-5019-46FB-88E8-C56DA08147B3}.Debug|Any CPU.Build.0 = Debug|Any CPU
		{CF966043-5019-46FB-88E8-C56DA08147B3}.Release|Any CPU.ActiveCfg = Release|Any CPU
		{CF966043-5019-46FB-88E8-C56DA08147B3}.Release|Any CPU.Build.0 = Release|Any CPU
	EndGlobalSection
	GlobalSection(SolutionProperties) = preSolution
		HideSolutionNode = FALSE
	EndGlobalSection
	GlobalSection(ExtensibilityGlobals) = postSolution
		SolutionGuid = {E8AB2574-FA50-4F93-83A1-9012B92A0297}
	EndGlobalSection
EndGlobal
