
Microsoft Visual Studio Solution File, Format Version 12.00
# Visual Studio 15
VisualStudioVersion = 15.0.27703.2000
MinimumVisualStudioVersion = 10.0.40219.1
Project("{FAE04EC0-301F-11D3-BF4B-00C04F79EFBC}") = "AADB2C.MFA.TOTP", "AADB2C.MFA.TOTP\AADB2C.MFA.TOTP.csproj", "{4D7CE06A-938A-4BF2-AA4C-D27B21877C9C}"
EndProject
Global
	GlobalSection(SolutionConfigurationPlatforms) = preSolution
		Debug|Any CPU = Debug|Any CPU
		Release|Any CPU = Release|Any CPU
	EndGlobalSection
	GlobalSection(ProjectConfigurationPlatforms) = postSolution
		{4D7CE06A-938A-4BF2-AA4C-D27B21877C9C}.Debug|Any CPU.ActiveCfg = Debug|Any CPU
		{4D7CE06A-938A-4BF2-AA4C-D27B21877C9C}.Debug|Any CPU.Build.0 = Debug|Any CPU
		{4D7CE06A-938A-4BF2-AA4C-D27B21877C9C}.Release|Any CPU.ActiveCfg = Release|Any CPU
		{4D7CE06A-938A-4BF2-AA4C-D27B21877C9C}.Release|Any CPU.Build.0 = Release|Any CPU
	EndGlobalSection
	GlobalSection(SolutionProperties) = preSolution
		HideSolutionNode = FALSE
	EndGlobalSection
	GlobalSection(ExtensibilityGlobals) = postSolution
		SolutionGuid = {E3156028-7E50-463D-99C2-B49871BBD262}
	EndGlobalSection
EndGlobal
