
Microsoft Visual Studio Solution File, Format Version 12.00
# Visual Studio 15
VisualStudioVersion = 15.0.27703.2000
MinimumVisualStudioVersion = 10.0.40219.1
Project("{FAE04EC0-301F-11D3-BF4B-00C04F79EFBC}") = "AADB2C.WebAPI", "AADB2C.WebAPI\AADB2C.WebAPI.csproj", "{864EA2E7-A80D-42C0-92F1-77CAD6D6DC40}"
EndProject
Global
	GlobalSection(SolutionConfigurationPlatforms) = preSolution
		Debug|Any CPU = Debug|Any CPU
		Release|Any CPU = Release|Any CPU
	EndGlobalSection
	GlobalSection(ProjectConfigurationPlatforms) = postSolution
		{864EA2E7-A80D-42C0-92F1-77CAD6D6DC40}.Debug|Any CPU.ActiveCfg = Debug|Any CPU
		{864EA2E7-A80D-42C0-92F1-77CAD6D6DC40}.Debug|Any CPU.Build.0 = Debug|Any CPU
		{864EA2E7-A80D-42C0-92F1-77CAD6D6DC40}.Release|Any CPU.ActiveCfg = Release|Any CPU
		{864EA2E7-A80D-42C0-92F1-77CAD6D6DC40}.Release|Any CPU.Build.0 = Release|Any CPU
	EndGlobalSection
	GlobalSection(SolutionProperties) = preSolution
		HideSolutionNode = FALSE
	EndGlobalSection
	GlobalSection(ExtensibilityGlobals) = postSolution
		SolutionGuid = {759D666D-DC30-4B56-9466-726DDA58814B}
	EndGlobalSection
EndGlobal
